
Microsoft Visual Studio Solution File, Format Version 12.00
# Visual Studio Version 17
VisualStudioVersion = 17.11.35208.52
MinimumVisualStudioVersion = 10.0.40219.1
Project("{FAE04EC0-301F-11D3-BF4B-00C04F79EFBC}") = "vistas", "vistas\vistas.csproj", "{379DBD42-F526-4C51-9D6F-C82EC9B84B1A}"
EndProject
Project("{FAE04EC0-301F-11D3-BF4B-00C04F79EFBC}") = "dominio", "dominio\dominio.csproj", "{446ACA07-DE9C-4176-A1D2-CC099A3A6AF1}"
EndProject
Project("{FAE04EC0-301F-11D3-BF4B-00C04F79EFBC}") = "negocio", "negocio\negocio.csproj", "{BCE9F615-E8EC-40C8-9387-0380DF8477B3}"
EndProject
Global
	GlobalSection(SolutionConfigurationPlatforms) = preSolution
		Debug|Any CPU = Debug|Any CPU
		Release|Any CPU = Release|Any CPU
	EndGlobalSection
	GlobalSection(ProjectConfigurationPlatforms) = postSolution
		{379DBD42-F526-4C51-9D6F-C82EC9B84B1A}.Debug|Any CPU.ActiveCfg = Debug|Any CPU
		{379DBD42-F526-4C51-9D6F-C82EC9B84B1A}.Debug|Any CPU.Build.0 = Debug|Any CPU
		{379DBD42-F526-4C51-9D6F-C82EC9B84B1A}.Release|Any CPU.ActiveCfg = Release|Any CPU
		{379DBD42-F526-4C51-9D6F-C82EC9B84B1A}.Release|Any CPU.Build.0 = Release|Any CPU
		{446ACA07-DE9C-4176-A1D2-CC099A3A6AF1}.Debug|Any CPU.ActiveCfg = Debug|Any CPU
		{446ACA07-DE9C-4176-A1D2-CC099A3A6AF1}.Debug|Any CPU.Build.0 = Debug|Any CPU
		{446ACA07-DE9C-4176-A1D2-CC099A3A6AF1}.Release|Any CPU.ActiveCfg = Release|Any CPU
		{446ACA07-DE9C-4176-A1D2-CC099A3A6AF1}.Release|Any CPU.Build.0 = Release|Any CPU
		{BCE9F615-E8EC-40C8-9387-0380DF8477B3}.Debug|Any CPU.ActiveCfg = Debug|Any CPU
		{BCE9F615-E8EC-40C8-9387-0380DF8477B3}.Debug|Any CPU.Build.0 = Debug|Any CPU
		{BCE9F615-E8EC-40C8-9387-0380DF8477B3}.Release|Any CPU.ActiveCfg = Release|Any CPU
		{BCE9F615-E8EC-40C8-9387-0380DF8477B3}.Release|Any CPU.Build.0 = Release|Any CPU
	EndGlobalSection
	GlobalSection(SolutionProperties) = preSolution
		HideSolutionNode = FALSE
	EndGlobalSection
	GlobalSection(ExtensibilityGlobals) = postSolution
		SolutionGuid = {A188FCE3-6FFD-4160-8804-7B3DBBABF116}
	EndGlobalSection
EndGlobal
